
Microsoft Visual Studio Solution File, Format Version 12.00
# Visual Studio Version 17
VisualStudioVersion = 17.5.33530.505
MinimumVisualStudioVersion = 10.0.40219.1
Project("{FAE04EC0-301F-11D3-BF4B-00C04F79EFBC}") = "osu.Game.Rulesets.Cubed", "osu.Game.Rulesets.Cubed\osu.Game.Rulesets.Cubed.csproj", "{3EB67B3F-8B17-4569-A28F-E9641BE18659}"
EndProject
Project("{FAE04EC0-301F-11D3-BF4B-00C04F79EFBC}") = "osu.Game.Rulesets.Cubed.Tests", "osu.Game.Rulesets.Cubed.Tests\osu.Game.Rulesets.Cubed.Tests.csproj", "{4F83F058-8859-4736-908A-8C13AE3F9422}"
EndProject
Global
	GlobalSection(SolutionConfigurationPlatforms) = preSolution
		Debug|Any CPU = Debug|Any CPU
		Release|Any CPU = Release|Any CPU
	EndGlobalSection
	GlobalSection(ProjectConfigurationPlatforms) = postSolution
		{3EB67B3F-8B17-4569-A28F-E9641BE18659}.Debug|Any CPU.ActiveCfg = Debug|Any CPU
		{3EB67B3F-8B17-4569-A28F-E9641BE18659}.Debug|Any CPU.Build.0 = Debug|Any CPU
		{3EB67B3F-8B17-4569-A28F-E9641BE18659}.Release|Any CPU.ActiveCfg = Release|Any CPU
		{3EB67B3F-8B17-4569-A28F-E9641BE18659}.Release|Any CPU.Build.0 = Release|Any CPU
		{4F83F058-8859-4736-908A-8C13AE3F9422}.Debug|Any CPU.ActiveCfg = Debug|Any CPU
		{4F83F058-8859-4736-908A-8C13AE3F9422}.Debug|Any CPU.Build.0 = Debug|Any CPU
		{4F83F058-8859-4736-908A-8C13AE3F9422}.Release|Any CPU.ActiveCfg = Release|Any CPU
		{4F83F058-8859-4736-908A-8C13AE3F9422}.Release|Any CPU.Build.0 = Release|Any CPU
	EndGlobalSection
	GlobalSection(SolutionProperties) = preSolution
		HideSolutionNode = FALSE
	EndGlobalSection
	GlobalSection(ExtensibilityGlobals) = postSolution
		SolutionGuid = {564F45CC-195F-4DDA-9A1B-98558D86664E}
	EndGlobalSection
EndGlobal
